
Microsoft Visual Studio Solution File, Format Version 12.00
# Visual Studio Version 16
VisualStudioVersion = 16.0.30114.105
MinimumVisualStudioVersion = 10.0.40219.1
Project("{2150E333-8FDC-42A3-9474-1A3956D46DE8}") = "Catalog", "Catalog", "{BF691052-42D5-45D2-966C-B5E7323A42EF}"
EndProject
Project("{2150E333-8FDC-42A3-9474-1A3956D46DE8}") = "Reservation", "Reservation", "{96FEB56C-545C-43F8-A0F5-0945B13B3CD8}"
EndProject
Project("{2150E333-8FDC-42A3-9474-1A3956D46DE8}") = "Payment", "Payment", "{7E7BBE03-DB94-46D8-9C27-0E6EBCEE09AB}"
EndProject
Project("{9A19103F-16F7-4668-BE54-9A1E7A4F7556}") = "CarsIsland.Catalog.API", "Catalog\CarsIsland.Catalog.API\CarsIsland.Catalog.API.csproj", "{74DB866D-D47A-4572-9DD1-059ACAF1B671}"
EndProject
Project("{2150E333-8FDC-42A3-9474-1A3956D46DE8}") = "tests", "tests", "{EB7284E3-FF28-477D-99A4-4AA9E2347298}"
EndProject
Project("{2150E333-8FDC-42A3-9474-1A3956D46DE8}") = "tests", "tests", "{94092E3F-3761-41C2-AB9D-780ECA1D8B37}"
EndProject
Project("{2150E333-8FDC-42A3-9474-1A3956D46DE8}") = "tests", "tests", "{5F3643CC-56B3-4998-88F6-C0FC12472660}"
EndProject
Project("{9A19103F-16F7-4668-BE54-9A1E7A4F7556}") = "CarsIsland.Payment.API", "Payment\CarsIsland.Payment.API\CarsIsland.Payment.API.csproj", "{074BC49C-04EE-45AD-BDC3-980A3451C3DF}"
EndProject
Project("{9A19103F-16F7-4668-BE54-9A1E7A4F7556}") = "CarsIsland.Reservation.API", "Reservation\CarsIsland.Reservation.API\CarsIsland.Reservation.API.csproj", "{72ED7B03-0499-4815-8474-A262CCA1DA0A}"
EndProject
Project("{9A19103F-16F7-4668-BE54-9A1E7A4F7556}") = "CarsIsland.Catalog.Infrastructure", "Catalog\CarsIsland.Catalog.Infrastructure\CarsIsland.Catalog.Infrastructure.csproj", "{F2B068C6-2EE6-4CD0-B765-59F51B649944}"
EndProject
Project("{9A19103F-16F7-4668-BE54-9A1E7A4F7556}") = "CarsIsland.Catalog.Domain", "Catalog\CarsIsland.Catalog.Domain\CarsIsland.Catalog.Domain.csproj", "{BD370C33-554E-4482-AF66-050BA4F32E7F}"
EndProject
Project("{FAE04EC0-301F-11D3-BF4B-00C04F79EFBC}") = "CarsIsland.Reservation.Domain", "Reservation\CarsIsland.Reservation.Domain\CarsIsland.Reservation.Domain.csproj", "{E3DD0A3D-1848-4419-AEE8-4826FBABDB0E}"
EndProject
Project("{FAE04EC0-301F-11D3-BF4B-00C04F79EFBC}") = "CarsIsland.Reservation.Infrastructure", "Reservation\CarsIsland.Reservation.Infrastructure\CarsIsland.Reservation.Infrastructure.csproj", "{2D0D3752-284F-4555-AD90-C6B292F9649B}"
EndProject
Project("{FAE04EC0-301F-11D3-BF4B-00C04F79EFBC}") = "CarsIsland.Payment.Infrastructure", "Payment\CarsIsland.Payment.Infrastructure\CarsIsland.Payment.Infrastructure.csproj", "{12ACDB45-4ACE-4A63-8FA1-D9F0EDC41F52}"
EndProject
Project("{FAE04EC0-301F-11D3-BF4B-00C04F79EFBC}") = "CarsIsland.Payment.Domain", "Payment\CarsIsland.Payment.Domain\CarsIsland.Payment.Domain.csproj", "{0D72B587-CD9C-4E97-B812-29DD13134CD9}"
EndProject
Global
	GlobalSection(SolutionConfigurationPlatforms) = preSolution
		Debug|Any CPU = Debug|Any CPU
		Release|Any CPU = Release|Any CPU
	EndGlobalSection
	GlobalSection(ProjectConfigurationPlatforms) = postSolution
		{74DB866D-D47A-4572-9DD1-059ACAF1B671}.Debug|Any CPU.ActiveCfg = Debug|Any CPU
		{74DB866D-D47A-4572-9DD1-059ACAF1B671}.Debug|Any CPU.Build.0 = Debug|Any CPU
		{74DB866D-D47A-4572-9DD1-059ACAF1B671}.Release|Any CPU.ActiveCfg = Release|Any CPU
		{74DB866D-D47A-4572-9DD1-059ACAF1B671}.Release|Any CPU.Build.0 = Release|Any CPU
		{074BC49C-04EE-45AD-BDC3-980A3451C3DF}.Debug|Any CPU.ActiveCfg = Debug|Any CPU
		{074BC49C-04EE-45AD-BDC3-980A3451C3DF}.Debug|Any CPU.Build.0 = Debug|Any CPU
		{074BC49C-04EE-45AD-BDC3-980A3451C3DF}.Release|Any CPU.ActiveCfg = Release|Any CPU
		{074BC49C-04EE-45AD-BDC3-980A3451C3DF}.Release|Any CPU.Build.0 = Release|Any CPU
		{72ED7B03-0499-4815-8474-A262CCA1DA0A}.Debug|Any CPU.ActiveCfg = Debug|Any CPU
		{72ED7B03-0499-4815-8474-A262CCA1DA0A}.Debug|Any CPU.Build.0 = Debug|Any CPU
		{72ED7B03-0499-4815-8474-A262CCA1DA0A}.Release|Any CPU.ActiveCfg = Release|Any CPU
		{72ED7B03-0499-4815-8474-A262CCA1DA0A}.Release|Any CPU.Build.0 = Release|Any CPU
		{F2B068C6-2EE6-4CD0-B765-59F51B649944}.Debug|Any CPU.ActiveCfg = Debug|Any CPU
		{F2B068C6-2EE6-4CD0-B765-59F51B649944}.Debug|Any CPU.Build.0 = Debug|Any CPU
		{F2B068C6-2EE6-4CD0-B765-59F51B649944}.Release|Any CPU.ActiveCfg = Release|Any CPU
		{F2B068C6-2EE6-4CD0-B765-59F51B649944}.Release|Any CPU.Build.0 = Release|Any CPU
		{BD370C33-554E-4482-AF66-050BA4F32E7F}.Debug|Any CPU.ActiveCfg = Debug|Any CPU
		{BD370C33-554E-4482-AF66-050BA4F32E7F}.Debug|Any CPU.Build.0 = Debug|Any CPU
		{BD370C33-554E-4482-AF66-050BA4F32E7F}.Release|Any CPU.ActiveCfg = Release|Any CPU
		{BD370C33-554E-4482-AF66-050BA4F32E7F}.Release|Any CPU.Build.0 = Release|Any CPU
		{E3DD0A3D-1848-4419-AEE8-4826FBABDB0E}.Debug|Any CPU.ActiveCfg = Debug|Any CPU
		{E3DD0A3D-1848-4419-AEE8-4826FBABDB0E}.Debug|Any CPU.Build.0 = Debug|Any CPU
		{E3DD0A3D-1848-4419-AEE8-4826FBABDB0E}.Release|Any CPU.ActiveCfg = Release|Any CPU
		{E3DD0A3D-1848-4419-AEE8-4826FBABDB0E}.Release|Any CPU.Build.0 = Release|Any CPU
		{2D0D3752-284F-4555-AD90-C6B292F9649B}.Debug|Any CPU.ActiveCfg = Debug|Any CPU
		{2D0D3752-284F-4555-AD90-C6B292F9649B}.Debug|Any CPU.Build.0 = Debug|Any CPU
		{2D0D3752-284F-4555-AD90-C6B292F9649B}.Release|Any CPU.ActiveCfg = Release|Any CPU
		{2D0D3752-284F-4555-AD90-C6B292F9649B}.Release|Any CPU.Build.0 = Release|Any CPU
		{12ACDB45-4ACE-4A63-8FA1-D9F0EDC41F52}.Debug|Any CPU.ActiveCfg = Debug|Any CPU
		{12ACDB45-4ACE-4A63-8FA1-D9F0EDC41F52}.Debug|Any CPU.Build.0 = Debug|Any CPU
		{12ACDB45-4ACE-4A63-8FA1-D9F0EDC41F52}.Release|Any CPU.ActiveCfg = Release|Any CPU
		{12ACDB45-4ACE-4A63-8FA1-D9F0EDC41F52}.Release|Any CPU.Build.0 = Release|Any CPU
		{0D72B587-CD9C-4E97-B812-29DD13134CD9}.Debug|Any CPU.ActiveCfg = Debug|Any CPU
		{0D72B587-CD9C-4E97-B812-29DD13134CD9}.Debug|Any CPU.Build.0 = Debug|Any CPU
		{0D72B587-CD9C-4E97-B812-29DD13134CD9}.Release|Any CPU.ActiveCfg = Release|Any CPU
		{0D72B587-CD9C-4E97-B812-29DD13134CD9}.Release|Any CPU.Build.0 = Release|Any CPU
	EndGlobalSection
	GlobalSection(SolutionProperties) = preSolution
		HideSolutionNode = FALSE
	EndGlobalSection
	GlobalSection(NestedProjects) = preSolution
		{74DB866D-D47A-4572-9DD1-059ACAF1B671} = {BF691052-42D5-45D2-966C-B5E7323A42EF}
		{EB7284E3-FF28-477D-99A4-4AA9E2347298} = {BF691052-42D5-45D2-966C-B5E7323A42EF}
		{94092E3F-3761-41C2-AB9D-780ECA1D8B37} = {7E7BBE03-DB94-46D8-9C27-0E6EBCEE09AB}
		{5F3643CC-56B3-4998-88F6-C0FC12472660} = {96FEB56C-545C-43F8-A0F5-0945B13B3CD8}
		{074BC49C-04EE-45AD-BDC3-980A3451C3DF} = {7E7BBE03-DB94-46D8-9C27-0E6EBCEE09AB}
		{72ED7B03-0499-4815-8474-A262CCA1DA0A} = {96FEB56C-545C-43F8-A0F5-0945B13B3CD8}
		{F2B068C6-2EE6-4CD0-B765-59F51B649944} = {BF691052-42D5-45D2-966C-B5E7323A42EF}
		{BD370C33-554E-4482-AF66-050BA4F32E7F} = {BF691052-42D5-45D2-966C-B5E7323A42EF}
		{E3DD0A3D-1848-4419-AEE8-4826FBABDB0E} = {96FEB56C-545C-43F8-A0F5-0945B13B3CD8}
		{2D0D3752-284F-4555-AD90-C6B292F9649B} = {96FEB56C-545C-43F8-A0F5-0945B13B3CD8}
		{12ACDB45-4ACE-4A63-8FA1-D9F0EDC41F52} = {7E7BBE03-DB94-46D8-9C27-0E6EBCEE09AB}
		{0D72B587-CD9C-4E97-B812-29DD13134CD9} = {7E7BBE03-DB94-46D8-9C27-0E6EBCEE09AB}
	EndGlobalSection
	GlobalSection(ExtensibilityGlobals) = postSolution
		SolutionGuid = {D9A4F78E-6863-4AAD-BB75-30F2F16E1BED}
	EndGlobalSection
EndGlobal
