
Microsoft Visual Studio Solution File, Format Version 12.00
# Visual Studio Version 16
VisualStudioVersion = 16.0.30114.105
MinimumVisualStudioVersion = 10.0.40219.1
Project("{2150E333-8FDC-42A3-9474-1A3956D46DE8}") = "Catalog", "Catalog", "{BF691052-42D5-45D2-966C-B5E7323A42EF}"
EndProject
Project("{2150E333-8FDC-42A3-9474-1A3956D46DE8}") = "Identity", "Identity", "{1A82C038-AF34-4223-9868-BE2DACB2391B}"
EndProject
Project("{2150E333-8FDC-42A3-9474-1A3956D46DE8}") = "Reservation", "Reservation", "{96FEB56C-545C-43F8-A0F5-0945B13B3CD8}"
EndProject
Project("{2150E333-8FDC-42A3-9474-1A3956D46DE8}") = "Payment", "Payment", "{7E7BBE03-DB94-46D8-9C27-0E6EBCEE09AB}"
EndProject
Project("{9A19103F-16F7-4668-BE54-9A1E7A4F7556}") = "CarsIsland.Catalog.API", "Catalog\CarsIsland.Catalog.API\CarsIsland.Catalog.API.csproj", "{74DB866D-D47A-4572-9DD1-059ACAF1B671}"
EndProject
Project("{2150E333-8FDC-42A3-9474-1A3956D46DE8}") = "tests", "tests", "{EB7284E3-FF28-477D-99A4-4AA9E2347298}"
EndProject
Project("{2150E333-8FDC-42A3-9474-1A3956D46DE8}") = "tests", "tests", "{BB212295-A8D6-4F47-BFC1-65B6A5A0E137}"
EndProject
Project("{2150E333-8FDC-42A3-9474-1A3956D46DE8}") = "tests", "tests", "{94092E3F-3761-41C2-AB9D-780ECA1D8B37}"
EndProject
Project("{2150E333-8FDC-42A3-9474-1A3956D46DE8}") = "tests", "tests", "{5F3643CC-56B3-4998-88F6-C0FC12472660}"
EndProject
Project("{FAE04EC0-301F-11D3-BF4B-00C04F79EFBC}") = "CarsIsland.Identity.API", "Identity\CarsIsland.Identity.API\CarsIsland.Identity.API.csproj", "{56F40AA5-7741-4428-8B1D-029063147BF4}"
EndProject
Project("{FAE04EC0-301F-11D3-BF4B-00C04F79EFBC}") = "CarsIsland.Payment.API", "Payment\CarsIsland.Payment.API\CarsIsland.Payment.API.csproj", "{074BC49C-04EE-45AD-BDC3-980A3451C3DF}"
EndProject
Project("{FAE04EC0-301F-11D3-BF4B-00C04F79EFBC}") = "CarsIsland.Reservation.API", "Reservation\CarsIsland.Reservation.API\CarsIsland.Reservation.API.csproj", "{72ED7B03-0499-4815-8474-A262CCA1DA0A}"
EndProject
Project("{FAE04EC0-301F-11D3-BF4B-00C04F79EFBC}") = "CarsIsland.Reservation.Domain", "CarsIsland.Reservation.Domain\CarsIsland.Reservation.Domain.csproj", "{D76C43D3-069C-45F9-A997-5DBDAE4676E8}"
EndProject
Project("{FAE04EC0-301F-11D3-BF4B-00C04F79EFBC}") = "CarsIsland.Reservation.Infrastructure", "CarsIsland.Reservation.Infrastructure\CarsIsland.Reservation.Infrastructure.csproj", "{6B4BB991-0C62-4212-8A7B-4DD03AC420A8}"
EndProject
Global
	GlobalSection(SolutionConfigurationPlatforms) = preSolution
		Debug|Any CPU = Debug|Any CPU
		Release|Any CPU = Release|Any CPU
	EndGlobalSection
	GlobalSection(ProjectConfigurationPlatforms) = postSolution
		{74DB866D-D47A-4572-9DD1-059ACAF1B671}.Debug|Any CPU.ActiveCfg = Debug|Any CPU
		{74DB866D-D47A-4572-9DD1-059ACAF1B671}.Debug|Any CPU.Build.0 = Debug|Any CPU
		{74DB866D-D47A-4572-9DD1-059ACAF1B671}.Release|Any CPU.ActiveCfg = Release|Any CPU
		{74DB866D-D47A-4572-9DD1-059ACAF1B671}.Release|Any CPU.Build.0 = Release|Any CPU
		{56F40AA5-7741-4428-8B1D-029063147BF4}.Debug|Any CPU.ActiveCfg = Debug|Any CPU
		{56F40AA5-7741-4428-8B1D-029063147BF4}.Debug|Any CPU.Build.0 = Debug|Any CPU
		{56F40AA5-7741-4428-8B1D-029063147BF4}.Release|Any CPU.ActiveCfg = Release|Any CPU
		{56F40AA5-7741-4428-8B1D-029063147BF4}.Release|Any CPU.Build.0 = Release|Any CPU
		{074BC49C-04EE-45AD-BDC3-980A3451C3DF}.Debug|Any CPU.ActiveCfg = Debug|Any CPU
		{074BC49C-04EE-45AD-BDC3-980A3451C3DF}.Debug|Any CPU.Build.0 = Debug|Any CPU
		{074BC49C-04EE-45AD-BDC3-980A3451C3DF}.Release|Any CPU.ActiveCfg = Release|Any CPU
		{074BC49C-04EE-45AD-BDC3-980A3451C3DF}.Release|Any CPU.Build.0 = Release|Any CPU
		{72ED7B03-0499-4815-8474-A262CCA1DA0A}.Debug|Any CPU.ActiveCfg = Debug|Any CPU
		{72ED7B03-0499-4815-8474-A262CCA1DA0A}.Debug|Any CPU.Build.0 = Debug|Any CPU
		{72ED7B03-0499-4815-8474-A262CCA1DA0A}.Release|Any CPU.ActiveCfg = Release|Any CPU
		{72ED7B03-0499-4815-8474-A262CCA1DA0A}.Release|Any CPU.Build.0 = Release|Any CPU
		{D76C43D3-069C-45F9-A997-5DBDAE4676E8}.Debug|Any CPU.ActiveCfg = Debug|Any CPU
		{D76C43D3-069C-45F9-A997-5DBDAE4676E8}.Debug|Any CPU.Build.0 = Debug|Any CPU
		{D76C43D3-069C-45F9-A997-5DBDAE4676E8}.Release|Any CPU.ActiveCfg = Release|Any CPU
		{D76C43D3-069C-45F9-A997-5DBDAE4676E8}.Release|Any CPU.Build.0 = Release|Any CPU
		{6B4BB991-0C62-4212-8A7B-4DD03AC420A8}.Debug|Any CPU.ActiveCfg = Debug|Any CPU
		{6B4BB991-0C62-4212-8A7B-4DD03AC420A8}.Debug|Any CPU.Build.0 = Debug|Any CPU
		{6B4BB991-0C62-4212-8A7B-4DD03AC420A8}.Release|Any CPU.ActiveCfg = Release|Any CPU
		{6B4BB991-0C62-4212-8A7B-4DD03AC420A8}.Release|Any CPU.Build.0 = Release|Any CPU
	EndGlobalSection
	GlobalSection(SolutionProperties) = preSolution
		HideSolutionNode = FALSE
	EndGlobalSection
	GlobalSection(NestedProjects) = preSolution
		{74DB866D-D47A-4572-9DD1-059ACAF1B671} = {BF691052-42D5-45D2-966C-B5E7323A42EF}
		{EB7284E3-FF28-477D-99A4-4AA9E2347298} = {BF691052-42D5-45D2-966C-B5E7323A42EF}
		{BB212295-A8D6-4F47-BFC1-65B6A5A0E137} = {1A82C038-AF34-4223-9868-BE2DACB2391B}
		{94092E3F-3761-41C2-AB9D-780ECA1D8B37} = {7E7BBE03-DB94-46D8-9C27-0E6EBCEE09AB}
		{5F3643CC-56B3-4998-88F6-C0FC12472660} = {96FEB56C-545C-43F8-A0F5-0945B13B3CD8}
		{56F40AA5-7741-4428-8B1D-029063147BF4} = {1A82C038-AF34-4223-9868-BE2DACB2391B}
		{074BC49C-04EE-45AD-BDC3-980A3451C3DF} = {7E7BBE03-DB94-46D8-9C27-0E6EBCEE09AB}
		{72ED7B03-0499-4815-8474-A262CCA1DA0A} = {96FEB56C-545C-43F8-A0F5-0945B13B3CD8}
		{D76C43D3-069C-45F9-A997-5DBDAE4676E8} = {96FEB56C-545C-43F8-A0F5-0945B13B3CD8}
		{6B4BB991-0C62-4212-8A7B-4DD03AC420A8} = {96FEB56C-545C-43F8-A0F5-0945B13B3CD8}
	EndGlobalSection
	GlobalSection(ExtensibilityGlobals) = postSolution
		SolutionGuid = {D9A4F78E-6863-4AAD-BB75-30F2F16E1BED}
	EndGlobalSection
EndGlobal
